
Microsoft Visual Studio Solution File, Format Version 12.00
# Visual Studio 15
VisualStudioVersion = 15.0.27703.2000
MinimumVisualStudioVersion = 10.0.40219.1
Project("{FAE04EC0-301F-11D3-BF4B-00C04F79EFBC}") = "TheAdventureGame", "TheAdventureGame\TheAdventureGame.csproj", "{EA332722-6C5B-4FE6-92AC-A0A7175EC07F}"
EndProject
Global
	GlobalSection(SolutionConfigurationPlatforms) = preSolution
		Debug|Any CPU = Debug|Any CPU
		Release|Any CPU = Release|Any CPU
	EndGlobalSection
	GlobalSection(ProjectConfigurationPlatforms) = postSolution
		{EA332722-6C5B-4FE6-92AC-A0A7175EC07F}.Debug|Any CPU.ActiveCfg = Debug|Any CPU
		{EA332722-6C5B-4FE6-92AC-A0A7175EC07F}.Debug|Any CPU.Build.0 = Debug|Any CPU
		{EA332722-6C5B-4FE6-92AC-A0A7175EC07F}.Release|Any CPU.ActiveCfg = Release|Any CPU
		{EA332722-6C5B-4FE6-92AC-A0A7175EC07F}.Release|Any CPU.Build.0 = Release|Any CPU
	EndGlobalSection
	GlobalSection(SolutionProperties) = preSolution
		HideSolutionNode = FALSE
	EndGlobalSection
	GlobalSection(ExtensibilityGlobals) = postSolution
		SolutionGuid = {BF225EC9-1BB4-47C2-9BE0-3705598DBDDD}
	EndGlobalSection
EndGlobal
